// !$*UTF8*$!
{
	archiveVersion = 1;
	classes = {
	};
	objectVersion = 55;
	objects = {

/* Begin PBXBuildFile section */
		0231357C29AD4AE500F28416 /* ListBreastCancerRowScreen.swift in Sources */ = {isa = PBXBuildFile; fileRef = 0231356B29AD4AE400F28416 /* ListBreastCancerRowScreen.swift */; };
		0231357D29AD4AE500F28416 /* ModelFacade.swift in Sources */ = {isa = PBXBuildFile; fileRef = 0231356C29AD4AE400F28416 /* ModelFacade.swift */; };
		0231357E29AD4AE500F28416 /* Ocl.swift in Sources */ = {isa = PBXBuildFile; fileRef = 0231356D29AD4AE400F28416 /* Ocl.swift */; };
		0231357F29AD4AE500F28416 /* ListBreastCancerScreen.swift in Sources */ = {isa = PBXBuildFile; fileRef = 0231356E29AD4AE400F28416 /* ListBreastCancerScreen.swift */; };
		0231358029AD4AE500F28416 /* OclType.swift in Sources */ = {isa = PBXBuildFile; fileRef = 0231356F29AD4AE400F28416 /* OclType.swift */; };
		0231358129AD4AE500F28416 /* BreastCancer.swift in Sources */ = {isa = PBXBuildFile; fileRef = 0231357029AD4AE400F28416 /* BreastCancer.swift */; };
		0231358229AD4AE500F28416 /* BreastCancerBean.swift in Sources */ = {isa = PBXBuildFile; fileRef = 0231357129AD4AE400F28416 /* BreastCancerBean.swift */; };
		0231358329AD4AE500F28416 /* ClassifyBreastCancerVO.swift in Sources */ = {isa = PBXBuildFile; fileRef = 0231357229AD4AE400F28416 /* ClassifyBreastCancerVO.swift */; };
		0231358429AD4AE500F28416 /* OclFile.swift in Sources */ = {isa = PBXBuildFile; fileRef = 0231357329AD4AE500F28416 /* OclFile.swift */; };
		0231358529AD4AE500F28416 /* ContentView.swift in Sources */ = {isa = PBXBuildFile; fileRef = 0231357429AD4AE500F28416 /* ContentView.swift */; };
		0231358629AD4AE500F28416 /* DB.swift in Sources */ = {isa = PBXBuildFile; fileRef = 0231357529AD4AE500F28416 /* DB.swift */; };
		0231358729AD4AE500F28416 /* BreastCancerVO.swift in Sources */ = {isa = PBXBuildFile; fileRef = 0231357629AD4AE500F28416 /* BreastCancerVO.swift */; };
		0231358829AD4AE500F28416 /* CreateBreastCancerScreen.swift in Sources */ = {isa = PBXBuildFile; fileRef = 0231357729AD4AE500F28416 /* CreateBreastCancerScreen.swift */; };
		0231358929AD4AE500F28416 /* ClassifyBreastCancerScreen.swift in Sources */ = {isa = PBXBuildFile; fileRef = 0231357829AD4AE500F28416 /* ClassifyBreastCancerScreen.swift */; };
		0231358A29AD4AE500F28416 /* ModelParser.swift in Sources */ = {isa = PBXBuildFile; fileRef = 0231357929AD4AE500F28416 /* ModelParser.swift */; };
		0231358B29AD4AE500F28416 /* FileAccessor.swift in Sources */ = {isa = PBXBuildFile; fileRef = 0231357A29AD4AE500F28416 /* FileAccessor.swift */; };
		0231358C29AD4AE500F28416 /* BreastcancerMain.swift in Sources */ = {isa = PBXBuildFile; fileRef = 0231357B29AD4AE500F28416 /* BreastcancerMain.swift */; };
		0231358E29AD4B7000F28416 /* cancer.tflite in Resources */ = {isa = PBXBuildFile; fileRef = 0231358D29AD4B6F00F28416 /* cancer.tflite */; };
		028C70EE299A524400D197B7 /* Assets.xcassets in Resources */ = {isa = PBXBuildFile; fileRef = 028C70ED299A524400D197B7 /* Assets.xcassets */; };
		028C70F1299A524400D197B7 /* Preview Assets.xcassets in Resources */ = {isa = PBXBuildFile; fileRef = 028C70F0299A524400D197B7 /* Preview Assets.xcassets */; };
		E07E555E7B1E5ABEAE680FDA /* Pods_breastCancer.framework in Frameworks */ = {isa = PBXBuildFile; fileRef = B3140C7CC0F06044291EA17D /* Pods_breastCancer.framework */; };
/* End PBXBuildFile section */

/* Begin PBXFileReference section */
		0231356B29AD4AE400F28416 /* ListBreastCancerRowScreen.swift */ = {isa = PBXFileReference; fileEncoding = 4; lastKnownFileType = sourcecode.swift; path = ListBreastCancerRowScreen.swift; sourceTree = "<group>"; };
		0231356C29AD4AE400F28416 /* ModelFacade.swift */ = {isa = PBXFileReference; fileEncoding = 4; lastKnownFileType = sourcecode.swift; path = ModelFacade.swift; sourceTree = "<group>"; };
		0231356D29AD4AE400F28416 /* Ocl.swift */ = {isa = PBXFileReference; fileEncoding = 4; lastKnownFileType = sourcecode.swift; path = Ocl.swift; sourceTree = "<group>"; };
		0231356E29AD4AE400F28416 /* ListBreastCancerScreen.swift */ = {isa = PBXFileReference; fileEncoding = 4; lastKnownFileType = sourcecode.swift; path = ListBreastCancerScreen.swift; sourceTree = "<group>"; };
		0231356F29AD4AE400F28416 /* OclType.swift */ = {isa = PBXFileReference; fileEncoding = 4; lastKnownFileType = sourcecode.swift; path = OclType.swift; sourceTree = "<group>"; };
		0231357029AD4AE400F28416 /* BreastCancer.swift */ = {isa = PBXFileReference; fileEncoding = 4; lastKnownFileType = sourcecode.swift; path = BreastCancer.swift; sourceTree = "<group>"; };
		0231357129AD4AE400F28416 /* BreastCancerBean.swift */ = {isa = PBXFileReference; fileEncoding = 4; lastKnownFileType = sourcecode.swift; path = BreastCancerBean.swift; sourceTree = "<group>"; };
		0231357229AD4AE400F28416 /* ClassifyBreastCancerVO.swift */ = {isa = PBXFileReference; fileEncoding = 4; lastKnownFileType = sourcecode.swift; path = ClassifyBreastCancerVO.swift; sourceTree = "<group>"; };
		0231357329AD4AE500F28416 /* OclFile.swift */ = {isa = PBXFileReference; fileEncoding = 4; lastKnownFileType = sourcecode.swift; path = OclFile.swift; sourceTree = "<group>"; };
		0231357429AD4AE500F28416 /* ContentView.swift */ = {isa = PBXFileReference; fileEncoding = 4; lastKnownFileType = sourcecode.swift; path = ContentView.swift; sourceTree = "<group>"; };
		0231357529AD4AE500F28416 /* DB.swift */ = {isa = PBXFileReference; fileEncoding = 4; lastKnownFileType = sourcecode.swift; path = DB.swift; sourceTree = "<group>"; };
		0231357629AD4AE500F28416 /* BreastCancerVO.swift */ = {isa = PBXFileReference; fileEncoding = 4; lastKnownFileType = sourcecode.swift; path = BreastCancerVO.swift; sourceTree = "<group>"; };
		0231357729AD4AE500F28416 /* CreateBreastCancerScreen.swift */ = {isa = PBXFileReference; fileEncoding = 4; lastKnownFileType = sourcecode.swift; path = CreateBreastCancerScreen.swift; sourceTree = "<group>"; };
		0231357829AD4AE500F28416 /* ClassifyBreastCancerScreen.swift */ = {isa = PBXFileReference; fileEncoding = 4; lastKnownFileType = sourcecode.swift; path = ClassifyBreastCancerScreen.swift; sourceTree = "<group>"; };
		0231357929AD4AE500F28416 /* ModelParser.swift */ = {isa = PBXFileReference; fileEncoding = 4; lastKnownFileType = sourcecode.swift; path = ModelParser.swift; sourceTree = "<group>"; };
		0231357A29AD4AE500F28416 /* FileAccessor.swift */ = {isa = PBXFileReference; fileEncoding = 4; lastKnownFileType = sourcecode.swift; path = FileAccessor.swift; sourceTree = "<group>"; };
		0231357B29AD4AE500F28416 /* BreastcancerMain.swift */ = {isa = PBXFileReference; fileEncoding = 4; lastKnownFileType = sourcecode.swift; path = BreastcancerMain.swift; sourceTree = "<group>"; };
		0231358D29AD4B6F00F28416 /* cancer.tflite */ = {isa = PBXFileReference; lastKnownFileType = file; path = cancer.tflite; sourceTree = "<group>"; };
		028C70E6299A524300D197B7 /* breastCancer.app */ = {isa = PBXFileReference; explicitFileType = wrapper.application; includeInIndex = 0; path = breastCancer.app; sourceTree = BUILT_PRODUCTS_DIR; };
		028C70ED299A524400D197B7 /* Assets.xcassets */ = {isa = PBXFileReference; lastKnownFileType = folder.assetcatalog; path = Assets.xcassets; sourceTree = "<group>"; };
		028C70F0299A524400D197B7 /* Preview Assets.xcassets */ = {isa = PBXFileReference; lastKnownFileType = folder.assetcatalog; path = "Preview Assets.xcassets"; sourceTree = "<group>"; };
		028C70F7299A526D00D197B7 /* breastCancer-Bridging-Header.h */ = {isa = PBXFileReference; lastKnownFileType = sourcecode.c.h; path = "breastCancer-Bridging-Header.h"; sourceTree = "<group>"; };
		31DFE311EADAB0A9B9DC3244 /* Pods-breastCancer.release.xcconfig */ = {isa = PBXFileReference; includeInIndex = 1; lastKnownFileType = text.xcconfig; name = "Pods-breastCancer.release.xcconfig"; path = "Target Support Files/Pods-breastCancer/Pods-breastCancer.release.xcconfig"; sourceTree = "<group>"; };
		B3140C7CC0F06044291EA17D /* Pods_breastCancer.framework */ = {isa = PBXFileReference; explicitFileType = wrapper.framework; includeInIndex = 0; path = Pods_breastCancer.framework; sourceTree = BUILT_PRODUCTS_DIR; };
		F554DAE1E0702BA5FE3DCAB2 /* Pods-breastCancer.debug.xcconfig */ = {isa = PBXFileReference; includeInIndex = 1; lastKnownFileType = text.xcconfig; name = "Pods-breastCancer.debug.xcconfig"; path = "Target Support Files/Pods-breastCancer/Pods-breastCancer.debug.xcconfig"; sourceTree = "<group>"; };
/* End PBXFileReference section */

/* Begin PBXFrameworksBuildPhase section */
		028C70E3299A524300D197B7 /* Frameworks */ = {
			isa = PBXFrameworksBuildPhase;
			buildActionMask = 2147483647;
			files = (
				E07E555E7B1E5ABEAE680FDA /* Pods_breastCancer.framework in Frameworks */,
			);
			runOnlyForDeploymentPostprocessing = 0;
		};
/* End PBXFrameworksBuildPhase section */

/* Begin PBXGroup section */
		028C70DD299A524300D197B7 = {
			isa = PBXGroup;
			children = (
				028C70E8299A524300D197B7 /* breastCancer */,
				028C70E7299A524300D197B7 /* Products */,
				A080D79BF023B1472DDF1AF0 /* Pods */,
				5E362D2D123F093D043FDA8E /* Frameworks */,
			);
			sourceTree = "<group>";
		};
		028C70E7299A524300D197B7 /* Products */ = {
			isa = PBXGroup;
			children = (
				028C70E6299A524300D197B7 /* breastCancer.app */,
			);
			name = Products;
			sourceTree = "<group>";
		};
		028C70E8299A524300D197B7 /* breastCancer */ = {
			isa = PBXGroup;
			children = (
				0231358D29AD4B6F00F28416 /* cancer.tflite */,
				0231357029AD4AE400F28416 /* BreastCancer.swift */,
				0231357129AD4AE400F28416 /* BreastCancerBean.swift */,
				0231357B29AD4AE500F28416 /* BreastcancerMain.swift */,
				0231357629AD4AE500F28416 /* BreastCancerVO.swift */,
				0231357829AD4AE500F28416 /* ClassifyBreastCancerScreen.swift */,
				0231357229AD4AE400F28416 /* ClassifyBreastCancerVO.swift */,
				0231357429AD4AE500F28416 /* ContentView.swift */,
				0231357729AD4AE500F28416 /* CreateBreastCancerScreen.swift */,
				0231357529AD4AE500F28416 /* DB.swift */,
				0231357A29AD4AE500F28416 /* FileAccessor.swift */,
				0231356B29AD4AE400F28416 /* ListBreastCancerRowScreen.swift */,
				0231356E29AD4AE400F28416 /* ListBreastCancerScreen.swift */,
				0231356C29AD4AE400F28416 /* ModelFacade.swift */,
				0231357929AD4AE500F28416 /* ModelParser.swift */,
				0231356D29AD4AE400F28416 /* Ocl.swift */,
				0231357329AD4AE500F28416 /* OclFile.swift */,
				0231356F29AD4AE400F28416 /* OclType.swift */,
				028C70ED299A524400D197B7 /* Assets.xcassets */,
				028C70EF299A524400D197B7 /* Preview Content */,
				028C70F7299A526D00D197B7 /* breastCancer-Bridging-Header.h */,
			);
			path = breastCancer;
			sourceTree = "<group>";
		};
		028C70EF299A524400D197B7 /* Preview Content */ = {
			isa = PBXGroup;
			children = (
				028C70F0299A524400D197B7 /* Preview Assets.xcassets */,
			);
			path = "Preview Content";
			sourceTree = "<group>";
		};
		5E362D2D123F093D043FDA8E /* Frameworks */ = {
			isa = PBXGroup;
			children = (
				B3140C7CC0F06044291EA17D /* Pods_breastCancer.framework */,
			);
			name = Frameworks;
			sourceTree = "<group>";
		};
		A080D79BF023B1472DDF1AF0 /* Pods */ = {
			isa = PBXGroup;
			children = (
				F554DAE1E0702BA5FE3DCAB2 /* Pods-breastCancer.debug.xcconfig */,
				31DFE311EADAB0A9B9DC3244 /* Pods-breastCancer.release.xcconfig */,
			);
			path = Pods;
			sourceTree = "<group>";
		};
/* End PBXGroup section */

/* Begin PBXNativeTarget section */
		028C70E5299A524300D197B7 /* breastCancer */ = {
			isa = PBXNativeTarget;
			buildConfigurationList = 028C70F4299A524400D197B7 /* Build configuration list for PBXNativeTarget "breastCancer" */;
			buildPhases = (
				3F03C9DC727F0D92D368022F /* [CP] Check Pods Manifest.lock */,
				028C70E2299A524300D197B7 /* Sources */,
				028C70E3299A524300D197B7 /* Frameworks */,
				028C70E4299A524300D197B7 /* Resources */,
			);
			buildRules = (
			);
			dependencies = (
			);
			name = breastCancer;
			productName = breastCancer;
			productReference = 028C70E6299A524300D197B7 /* breastCancer.app */;
			productType = "com.apple.product-type.application";
		};
/* End PBXNativeTarget section */

/* Begin PBXProject section */
		028C70DE299A524300D197B7 /* Project object */ = {
			isa = PBXProject;
			attributes = {
				BuildIndependentTargetsInParallel = 1;
				LastSwiftUpdateCheck = 1340;
				LastUpgradeCheck = 1340;
				TargetAttributes = {
					028C70E5299A524300D197B7 = {
						CreatedOnToolsVersion = 13.4.1;
						LastSwiftMigration = 1340;
					};
				};
			};
			buildConfigurationList = 028C70E1299A524300D197B7 /* Build configuration list for PBXProject "breastCancer" */;
			compatibilityVersion = "Xcode 13.0";
			developmentRegion = en;
			hasScannedForEncodings = 0;
			knownRegions = (
				en,
				Base,
			);
			mainGroup = 028C70DD299A524300D197B7;
			productRefGroup = 028C70E7299A524300D197B7 /* Products */;
			projectDirPath = "";
			projectRoot = "";
			targets = (
				028C70E5299A524300D197B7 /* breastCancer */,
			);
		};
/* End PBXProject section */

/* Begin PBXResourcesBuildPhase section */
		028C70E4299A524300D197B7 /* Resources */ = {
			isa = PBXResourcesBuildPhase;
			buildActionMask = 2147483647;
			files = (
				028C70F1299A524400D197B7 /* Preview Assets.xcassets in Resources */,
				0231358E29AD4B7000F28416 /* cancer.tflite in Resources */,
				028C70EE299A524400D197B7 /* Assets.xcassets in Resources */,
			);
			runOnlyForDeploymentPostprocessing = 0;
		};
/* End PBXResourcesBuildPhase section */

/* Begin PBXShellScriptBuildPhase section */
		3F03C9DC727F0D92D368022F /* [CP] Check Pods Manifest.lock */ = {
			isa = PBXShellScriptBuildPhase;
			buildActionMask = 2147483647;
			files = (
			);
			inputFileListPaths = (
			);
			inputPaths = (
				"${PODS_PODFILE_DIR_PATH}/Podfile.lock",
				"${PODS_ROOT}/Manifest.lock",
			);
			name = "[CP] Check Pods Manifest.lock";
			outputFileListPaths = (
			);
			outputPaths = (
				"$(DERIVED_FILE_DIR)/Pods-breastCancer-checkManifestLockResult.txt",
			);
			runOnlyForDeploymentPostprocessing = 0;
			shellPath = /bin/sh;
			shellScript = "diff \"${PODS_PODFILE_DIR_PATH}/Podfile.lock\" \"${PODS_ROOT}/Manifest.lock\" > /dev/null\nif [ $? != 0 ] ; then\n    # print error to STDERR\n    echo \"error: The sandbox is not in sync with the Podfile.lock. Run 'pod install' or update your CocoaPods installation.\" >&2\n    exit 1\nfi\n# This output is used by Xcode 'outputs' to avoid re-running this script phase.\necho \"SUCCESS\" > \"${SCRIPT_OUTPUT_FILE_0}\"\n";
			showEnvVarsInLog = 0;
		};
/* End PBXShellScriptBuildPhase section */

/* Begin PBXSourcesBuildPhase section */
		028C70E2299A524300D197B7 /* Sources */ = {
			isa = PBXSourcesBuildPhase;
			buildActionMask = 2147483647;
			files = (
				0231358B29AD4AE500F28416 /* FileAccessor.swift in Sources */,
				0231358129AD4AE500F28416 /* BreastCancer.swift in Sources */,
				0231358629AD4AE500F28416 /* DB.swift in Sources */,
				0231357F29AD4AE500F28416 /* ListBreastCancerScreen.swift in Sources */,
				0231358829AD4AE500F28416 /* CreateBreastCancerScreen.swift in Sources */,
				0231358029AD4AE500F28416 /* OclType.swift in Sources */,
				0231358229AD4AE500F28416 /* BreastCancerBean.swift in Sources */,
				0231358929AD4AE500F28416 /* ClassifyBreastCancerScreen.swift in Sources */,
				0231358729AD4AE500F28416 /* BreastCancerVO.swift in Sources */,
				0231357C29AD4AE500F28416 /* ListBreastCancerRowScreen.swift in Sources */,
				0231358A29AD4AE500F28416 /* ModelParser.swift in Sources */,
				0231358429AD4AE500F28416 /* OclFile.swift in Sources */,
				0231358529AD4AE500F28416 /* ContentView.swift in Sources */,
				0231358C29AD4AE500F28416 /* BreastcancerMain.swift in Sources */,
				0231357D29AD4AE500F28416 /* ModelFacade.swift in Sources */,
				0231357E29AD4AE500F28416 /* Ocl.swift in Sources */,
				0231358329AD4AE500F28416 /* ClassifyBreastCancerVO.swift in Sources */,
			);
			runOnlyForDeploymentPostprocessing = 0;
		};
/* End PBXSourcesBuildPhase section */

/* Begin XCBuildConfiguration section */
		028C70F2299A524400D197B7 /* Debug */ = {
			isa = XCBuildConfiguration;
			buildSettings = {
				ALWAYS_SEARCH_USER_PATHS = NO;
				CLANG_ANALYZER_NONNULL = YES;
				CLANG_ANALYZER_NUMBER_OBJECT_CONVERSION = YES_AGGRESSIVE;
				CLANG_CXX_LANGUAGE_STANDARD = "gnu++17";
				CLANG_ENABLE_MODULES = YES;
				CLANG_ENABLE_OBJC_ARC = YES;
				CLANG_ENABLE_OBJC_WEAK = YES;
				CLANG_WARN_BLOCK_CAPTURE_AUTORELEASING = YES;
				CLANG_WARN_BOOL_CONVERSION = YES;
				CLANG_WARN_COMMA = YES;
				CLANG_WARN_CONSTANT_CONVERSION = YES;
				CLANG_WARN_DEPRECATED_OBJC_IMPLEMENTATIONS = YES;
				CLANG_WARN_DIRECT_OBJC_ISA_USAGE = YES_ERROR;
				CLANG_WARN_DOCUMENTATION_COMMENTS = YES;
				CLANG_WARN_EMPTY_BODY = YES;
				CLANG_WARN_ENUM_CONVERSION = YES;
				CLANG_WARN_INFINITE_RECURSION = YES;
				CLANG_WARN_INT_CONVERSION = YES;
				CLANG_WARN_NON_LITERAL_NULL_CONVERSION = YES;
				CLANG_WARN_OBJC_IMPLICIT_RETAIN_SELF = YES;
				CLANG_WARN_OBJC_LITERAL_CONVERSION = YES;
				CLANG_WARN_OBJC_ROOT_CLASS = YES_ERROR;
				CLANG_WARN_QUOTED_INCLUDE_IN_FRAMEWORK_HEADER = YES;
				CLANG_WARN_RANGE_LOOP_ANALYSIS = YES;
				CLANG_WARN_STRICT_PROTOTYPES = YES;
				CLANG_WARN_SUSPICIOUS_MOVE = YES;
				CLANG_WARN_UNGUARDED_AVAILABILITY = YES_AGGRESSIVE;
				CLANG_WARN_UNREACHABLE_CODE = YES;
				CLANG_WARN__DUPLICATE_METHOD_MATCH = YES;
				COPY_PHASE_STRIP = NO;
				DEBUG_INFORMATION_FORMAT = dwarf;
				ENABLE_STRICT_OBJC_MSGSEND = YES;
				ENABLE_TESTABILITY = YES;
				GCC_C_LANGUAGE_STANDARD = gnu11;
				GCC_DYNAMIC_NO_PIC = NO;
				GCC_NO_COMMON_BLOCKS = YES;
				GCC_OPTIMIZATION_LEVEL = 0;
				GCC_PREPROCESSOR_DEFINITIONS = (
					"DEBUG=1",
					"$(inherited)",
				);
				GCC_WARN_64_TO_32_BIT_CONVERSION = YES;
				GCC_WARN_ABOUT_RETURN_TYPE = YES_ERROR;
				GCC_WARN_UNDECLARED_SELECTOR = YES;
				GCC_WARN_UNINITIALIZED_AUTOS = YES_AGGRESSIVE;
				GCC_WARN_UNUSED_FUNCTION = YES;
				GCC_WARN_UNUSED_VARIABLE = YES;
				IPHONEOS_DEPLOYMENT_TARGET = 15.5;
				MTL_ENABLE_DEBUG_INFO = INCLUDE_SOURCE;
				MTL_FAST_MATH = YES;
				ONLY_ACTIVE_ARCH = YES;
				SDKROOT = iphoneos;
				SWIFT_ACTIVE_COMPILATION_CONDITIONS = DEBUG;
				SWIFT_OPTIMIZATION_LEVEL = "-Onone";
			};
			name = Debug;
		};
		028C70F3299A524400D197B7 /* Release */ = {
			isa = XCBuildConfiguration;
			buildSettings = {
				ALWAYS_SEARCH_USER_PATHS = NO;
				CLANG_ANALYZER_NONNULL = YES;
				CLANG_ANALYZER_NUMBER_OBJECT_CONVERSION = YES_AGGRESSIVE;
				CLANG_CXX_LANGUAGE_STANDARD = "gnu++17";
				CLANG_ENABLE_MODULES = YES;
				CLANG_ENABLE_OBJC_ARC = YES;
				CLANG_ENABLE_OBJC_WEAK = YES;
				CLANG_WARN_BLOCK_CAPTURE_AUTORELEASING = YES;
				CLANG_WARN_BOOL_CONVERSION = YES;
				CLANG_WARN_COMMA = YES;
				CLANG_WARN_CONSTANT_CONVERSION = YES;
				CLANG_WARN_DEPRECATED_OBJC_IMPLEMENTATIONS = YES;
				CLANG_WARN_DIRECT_OBJC_ISA_USAGE = YES_ERROR;
				CLANG_WARN_DOCUMENTATION_COMMENTS = YES;
				CLANG_WARN_EMPTY_BODY = YES;
				CLANG_WARN_ENUM_CONVERSION = YES;
				CLANG_WARN_INFINITE_RECURSION = YES;
				CLANG_WARN_INT_CONVERSION = YES;
				CLANG_WARN_NON_LITERAL_NULL_CONVERSION = YES;
				CLANG_WARN_OBJC_IMPLICIT_RETAIN_SELF = YES;
				CLANG_WARN_OBJC_LITERAL_CONVERSION = YES;
				CLANG_WARN_OBJC_ROOT_CLASS = YES_ERROR;
				CLANG_WARN_QUOTED_INCLUDE_IN_FRAMEWORK_HEADER = YES;
				CLANG_WARN_RANGE_LOOP_ANALYSIS = YES;
				CLANG_WARN_STRICT_PROTOTYPES = YES;
				CLANG_WARN_SUSPICIOUS_MOVE = YES;
				CLANG_WARN_UNGUARDED_AVAILABILITY = YES_AGGRESSIVE;
				CLANG_WARN_UNREACHABLE_CODE = YES;
				CLANG_WARN__DUPLICATE_METHOD_MATCH = YES;
				COPY_PHASE_STRIP = NO;
				DEBUG_INFORMATION_FORMAT = "dwarf-with-dsym";
				ENABLE_NS_ASSERTIONS = NO;
				ENABLE_STRICT_OBJC_MSGSEND = YES;
				GCC_C_LANGUAGE_STANDARD = gnu11;
				GCC_NO_COMMON_BLOCKS = YES;
				GCC_WARN_64_TO_32_BIT_CONVERSION = YES;
				GCC_WARN_ABOUT_RETURN_TYPE = YES_ERROR;
				GCC_WARN_UNDECLARED_SELECTOR = YES;
				GCC_WARN_UNINITIALIZED_AUTOS = YES_AGGRESSIVE;
				GCC_WARN_UNUSED_FUNCTION = YES;
				GCC_WARN_UNUSED_VARIABLE = YES;
				IPHONEOS_DEPLOYMENT_TARGET = 15.5;
				MTL_ENABLE_DEBUG_INFO = NO;
				MTL_FAST_MATH = YES;
				SDKROOT = iphoneos;
				SWIFT_COMPILATION_MODE = wholemodule;
				SWIFT_OPTIMIZATION_LEVEL = "-O";
				VALIDATE_PRODUCT = YES;
			};
			name = Release;
		};
		028C70F5299A524400D197B7 /* Debug */ = {
			isa = XCBuildConfiguration;
			baseConfigurationReference = F554DAE1E0702BA5FE3DCAB2 /* Pods-breastCancer.debug.xcconfig */;
			buildSettings = {
				ASSETCATALOG_COMPILER_APPICON_NAME = AppIcon;
				ASSETCATALOG_COMPILER_GLOBAL_ACCENT_COLOR_NAME = AccentColor;
				CLANG_ENABLE_MODULES = YES;
				CODE_SIGN_STYLE = Automatic;
				CURRENT_PROJECT_VERSION = 1;
				DEVELOPMENT_ASSET_PATHS = "\"breastCancer/Preview Content\"";
				DEVELOPMENT_TEAM = NR2XNW22UL;
				ENABLE_PREVIEWS = YES;
				GENERATE_INFOPLIST_FILE = YES;
				INFOPLIST_KEY_UIApplicationSceneManifest_Generation = YES;
				INFOPLIST_KEY_UIApplicationSupportsIndirectInputEvents = YES;
				INFOPLIST_KEY_UILaunchScreen_Generation = YES;
				INFOPLIST_KEY_UISupportedInterfaceOrientations_iPad = "UIInterfaceOrientationPortrait UIInterfaceOrientationPortraitUpsideDown UIInterfaceOrientationLandscapeLeft UIInterfaceOrientationLandscapeRight";
				INFOPLIST_KEY_UISupportedInterfaceOrientations_iPhone = "UIInterfaceOrientationPortrait UIInterfaceOrientationLandscapeLeft UIInterfaceOrientationLandscapeRight";
				LD_RUNPATH_SEARCH_PATHS = (
					"$(inherited)",
					"@executable_path/Frameworks",
				);
				MARKETING_VERSION = 1.0;
				PRODUCT_BUNDLE_IDENTIFIER = com.lyanalwakeel.breastCancer;
				PRODUCT_NAME = "$(TARGET_NAME)";
				SWIFT_EMIT_LOC_STRINGS = YES;
				SWIFT_OBJC_BRIDGING_HEADER = "breastCancer/breastCancer-Bridging-Header.h";
				SWIFT_OPTIMIZATION_LEVEL = "-Onone";
				SWIFT_VERSION = 5.0;
				TARGETED_DEVICE_FAMILY = "1,2";
			};
			name = Debug;
		};
		028C70F6299A524400D197B7 /* Release */ = {
			isa = XCBuildConfiguration;
			baseConfigurationReference = 31DFE311EADAB0A9B9DC3244 /* Pods-breastCancer.release.xcconfig */;
			buildSettings = {
				ASSETCATALOG_COMPILER_APPICON_NAME = AppIcon;
				ASSETCATALOG_COMPILER_GLOBAL_ACCENT_COLOR_NAME = AccentColor;
				CLANG_ENABLE_MODULES = YES;
				CODE_SIGN_STYLE = Automatic;
				CURRENT_PROJECT_VERSION = 1;
				DEVELOPMENT_ASSET_PATHS = "\"breastCancer/Preview Content\"";
				DEVELOPMENT_TEAM = NR2XNW22UL;
				ENABLE_PREVIEWS = YES;
				GENERATE_INFOPLIST_FILE = YES;
				INFOPLIST_KEY_UIApplicationSceneManifest_Generation = YES;
				INFOPLIST_KEY_UIApplicationSupportsIndirectInputEvents = YES;
				INFOPLIST_KEY_UILaunchScreen_Generation = YES;
				INFOPLIST_KEY_UISupportedInterfaceOrientations_iPad = "UIInterfaceOrientationPortrait UIInterfaceOrientationPortraitUpsideDown UIInterfaceOrientationLandscapeLeft UIInterfaceOrientationLandscapeRight";
				INFOPLIST_KEY_UISupportedInterfaceOrientations_iPhone = "UIInterfaceOrientationPortrait UIInterfaceOrientationLandscapeLeft UIInterfaceOrientationLandscapeRight";
				LD_RUNPATH_SEARCH_PATHS = (
					"$(inherited)",
					"@executable_path/Frameworks",
				);
				MARKETING_VERSION = 1.0;
				PRODUCT_BUNDLE_IDENTIFIER = com.lyanalwakeel.breastCancer;
				PRODUCT_NAME = "$(TARGET_NAME)";
				SWIFT_EMIT_LOC_STRINGS = YES;
				SWIFT_OBJC_BRIDGING_HEADER = "breastCancer/breastCancer-Bridging-Header.h";
				SWIFT_VERSION = 5.0;
				TARGETED_DEVICE_FAMILY = "1,2";
			};
			name = Release;
		};
/* End XCBuildConfiguration section */

/* Begin XCConfigurationList section */
		028C70E1299A524300D197B7 /* Build configuration list for PBXProject "breastCancer" */ = {
			isa = XCConfigurationList;
			buildConfigurations = (
				028C70F2299A524400D197B7 /* Debug */,
				028C70F3299A524400D197B7 /* Release */,
			);
			defaultConfigurationIsVisible = 0;
			defaultConfigurationName = Release;
		};
		028C70F4299A524400D197B7 /* Build configuration list for PBXNativeTarget "breastCancer" */ = {
			isa = XCConfigurationList;
			buildConfigurations = (
				028C70F5299A524400D197B7 /* Debug */,
				028C70F6299A524400D197B7 /* Release */,
			);
			defaultConfigurationIsVisible = 0;
			defaultConfigurationName = Release;
		};
/* End XCConfigurationList section */
	};
	rootObject = 028C70DE299A524300D197B7 /* Project object */;
}
